
Microsoft Visual Studio Solution File, Format Version 12.00
# Visual Studio Version 17
VisualStudioVersion = 17.5.33627.172
MinimumVisualStudioVersion = 10.0.40219.1
Project("{2150E333-8FDC-42A3-9474-1A3956D46DE8}") = "FRONT", "FRONT", "{9BD97A2C-C82E-4BBB-8BF5-E82C5821EDD7}"
EndProject
Project("{2150E333-8FDC-42A3-9474-1A3956D46DE8}") = "API", "API", "{3AAACED3-6089-48BE-A6C1-BD469564C1C1}"
EndProject
Project("{2150E333-8FDC-42A3-9474-1A3956D46DE8}") = "BACK", "BACK", "{F0D48D8E-3A3A-4BFE-BC34-494BFA7FA2F4}"
EndProject
Project("{2150E333-8FDC-42A3-9474-1A3956D46DE8}") = "COMMON", "COMMON", "{389242E5-A435-4EC4-A0F6-A06960EFC8FE}"
EndProject
Project("{2150E333-8FDC-42A3-9474-1A3956D46DE8}") = "SPR", "SPR", "{B8DB1CBE-E8A2-4E92-AA21-7318C29C477B}"
EndProject
Project("{2150E333-8FDC-42A3-9474-1A3956D46DE8}") = "SERVICE", "SERVICE", "{98841562-AF5E-41BB-B3D7-7A18DFC8C593}"
EndProject
Project("{2150E333-8FDC-42A3-9474-1A3956D46DE8}") = "GS_LOOKUP", "GS_LOOKUP", "{DC2A0C27-D591-4B7D-BFC0-F7B39164175E}"
EndProject
Project("{2150E333-8FDC-42A3-9474-1A3956D46DE8}") = "GSM04000 - Department Master", "GSM04000 - Department Master", "{6EC94398-EE8D-4E7D-9DEF-6063BB44D7EA}"
EndProject
Project("{2150E333-8FDC-42A3-9474-1A3956D46DE8}") = "GFF", "GFF", "{6F50A0EC-A19E-46D0-869A-1E7CF308803B}"
EndProject
Project("{9A19103F-16F7-4668-BE54-9A1E7A4F7556}") = "GFF00900COMMON", "..\BS Shared Form\SOURCE\BACK\GFF00900COMMON\GFF00900COMMON.csproj", "{665DA74A-EA89-490E-A031-779EFC1B18A5}"
EndProject
Project("{9A19103F-16F7-4668-BE54-9A1E7A4F7556}") = "Lookup_GSCOMMON", "..\BS Shared Form\SOURCE\BACK\Lookup_GSCOMMON\Lookup_GSCOMMON.csproj", "{6894DBC0-EAEB-404C-B1D9-47C742B5003F}"
EndProject
Project("{9A19103F-16F7-4668-BE54-9A1E7A4F7556}") = "GSM04000Common", "..\BS Program\SOURCE\COMMON\GS\GSM04000Common\GSM04000Common.csproj", "{6A380587-0764-4104-AB24-EA00C1AA61E7}"
EndProject
Project("{9A19103F-16F7-4668-BE54-9A1E7A4F7556}") = "BIMASAKTI_GS_API", "..\BS Program\SOURCE\API\GS\BIMASAKTI_GS_API\BIMASAKTI_GS_API.csproj", "{DDB4AAD9-FC3B-4403-BB6F-7E90B929A1B6}"
EndProject
Project("{2150E333-8FDC-42A3-9474-1A3956D46DE8}") = "GSM00400 - Department", "GSM00400 - Department", "{E06F647A-6054-45FE-A6FE-B2AA2C952FA5}"
EndProject
Project("{2150E333-8FDC-42A3-9474-1A3956D46DE8}") = "GSLookup", "GSLookup", "{B442DB64-FFCF-4F7B-9CB9-914118448F64}"
EndProject
Project("{2150E333-8FDC-42A3-9474-1A3956D46DE8}") = "GFF - Approval", "GFF - Approval", "{1F20B37F-580E-48AC-8C77-EB426EB8B030}"
EndProject
Project("{9A19103F-16F7-4668-BE54-9A1E7A4F7556}") = "GFF00900BACK", "..\BS Shared Form\SOURCE\BACK\GFF00900BACK\GFF00900BACK.csproj", "{943D2CF4-D4FC-4638-901D-158811B4C532}"
EndProject
Project("{9A19103F-16F7-4668-BE54-9A1E7A4F7556}") = "GFF00900BackResources", "..\BS Shared Form\SOURCE\BACK\GFF00900BackResources\GFF00900BackResources.csproj", "{AC2288D9-8324-4DA3-8916-A6B94A14F1CD}"
EndProject
Project("{9A19103F-16F7-4668-BE54-9A1E7A4F7556}") = "Lookup_GSBackResources", "..\BS Shared Form\SOURCE\BACK\Lookup_GSBackResources\Lookup_GSBackResources.csproj", "{A9B73AA2-8482-4503-A11C-0A12E548BF8F}"
EndProject
Project("{9A19103F-16F7-4668-BE54-9A1E7A4F7556}") = "Lookup_GSBACK", "..\BS Shared Form\SOURCE\BACK\Lookup_GSBACK\Lookup_GSBACK.csproj", "{BDFF2E2C-A256-4EAE-8787-B8AAF42AD01D}"
EndProject
Project("{9A19103F-16F7-4668-BE54-9A1E7A4F7556}") = "GSM04000Back", "..\BS Program\SOURCE\BACK\GS\GSM04000Back\GSM04000Back.csproj", "{41E5523A-D8DB-42DB-96DD-25B78B91011F}"
EndProject
Project("{9A19103F-16F7-4668-BE54-9A1E7A4F7556}") = "GSM04000BackResources", "..\BS Program\SOURCE\BACK\GS\GSM04000BackResources\GSM04000BackResources.csproj", "{DEC4D255-F3AD-4C1D-A5E8-9B62091287A7}"
EndProject
Project("{9A19103F-16F7-4668-BE54-9A1E7A4F7556}") = "GFF00900FRONT", "..\BS Shared Form\SOURCE\FRONT\GFF00900FRONT\GFF00900FRONT.csproj", "{D3AAB080-E7C7-40EC-AD38-88EDFCA3D003}"
EndProject
Project("{9A19103F-16F7-4668-BE54-9A1E7A4F7556}") = "GFF00900FrontResources", "..\BS Shared Form\SOURCE\FRONT\GFF00900FrontResources\GFF00900FrontResources.csproj", "{7A418841-442E-46B0-8A57-EF2A83210719}"
EndProject
Project("{9A19103F-16F7-4668-BE54-9A1E7A4F7556}") = "GFF00900Model", "..\BS Shared Form\SOURCE\FRONT\GFF00900Model\GFF00900Model.csproj", "{75EA4061-A161-4ACC-B26C-8C8EA3AF687A}"
EndProject
Project("{9A19103F-16F7-4668-BE54-9A1E7A4F7556}") = "Lookup_GSFRONT", "..\BS Shared Form\SOURCE\FRONT\Lookup_GSFRONT\Lookup_GSFRONT.csproj", "{C3343A3D-3ED1-4BAA-90E7-A5B8A213623D}"
EndProject
Project("{9A19103F-16F7-4668-BE54-9A1E7A4F7556}") = "Lookup_GSFrontResources", "..\BS Shared Form\SOURCE\FRONT\Lookup_GSFrontResources\Lookup_GSFrontResources.csproj", "{CC69220A-C79F-4076-9663-DA537764A2CA}"
EndProject
Project("{9A19103F-16F7-4668-BE54-9A1E7A4F7556}") = "Lookup_GSModel", "..\BS Shared Form\SOURCE\FRONT\Lookup_GSModel\Lookup_GSModel.csproj", "{BDA69150-B128-468B-8B7C-DB6B32D134DD}"
EndProject
Project("{9A19103F-16F7-4668-BE54-9A1E7A4F7556}") = "GSM04000Front", "..\BS Program\SOURCE\FRONT\GSM04000FRONT\GSM04000Front.csproj", "{C3BA17A7-7A34-4032-BD71-5CA9892870C2}"
EndProject
Project("{9A19103F-16F7-4668-BE54-9A1E7A4F7556}") = "GSM04000FrontResources", "..\BS Program\SOURCE\FRONT\GSM04000FrontResources\GSM04000FrontResources.csproj", "{506E2203-9710-4A20-84CF-8E2E4EF7F86D}"
EndProject
Project("{9A19103F-16F7-4668-BE54-9A1E7A4F7556}") = "GSM04000Service", "..\BS Program\SOURCE\SERVICE\GS\GSM04000Service\GSM04000Service.csproj", "{255F153D-6D37-463A-A150-C3C2B4E1E8F4}"
EndProject
Project("{9A19103F-16F7-4668-BE54-9A1E7A4F7556}") = "Lookup_GSSERVICES", "..\BS Shared Form\SOURCE\SERVICES\Lookup_GSSERVICES\Lookup_GSSERVICES.csproj", "{AE63A95E-FD69-4EFF-A4A8-C312F50C081E}"
EndProject
Project("{9A19103F-16F7-4668-BE54-9A1E7A4F7556}") = "GFF00900SERVICES", "..\BS Shared Form\SOURCE\SERVICES\GFF00900SERVICES\GFF00900SERVICES.csproj", "{A1BE8E97-5402-4D3C-AA8F-F362720FCE1A}"
EndProject
Project("{9A19103F-16F7-4668-BE54-9A1E7A4F7556}") = "RSP_ACTIVITY_VALIDITYResources", "..\BS Program\SOURCE\BACK\GS\GS_SPR\RSP_ACTIVITY_VALIDITYResources\RSP_ACTIVITY_VALIDITYResources.csproj", "{6621D426-2C2D-46F7-851F-F61B37AE112E}"
EndProject
Project("{9A19103F-16F7-4668-BE54-9A1E7A4F7556}") = "RSP_GS_MAINTAIN_DEPARTMENTResources", "..\BS Program\SOURCE\BACK\GS\GS_SPR\RSP_GS_MAINTAIN_DEPARTMENTResources\RSP_GS_MAINTAIN_DEPARTMENTResources.csproj", "{0A832950-801C-4A9C-B81C-9571DF10DEDB}"
EndProject
Project("{9A19103F-16F7-4668-BE54-9A1E7A4F7556}") = "RSP_GS_UPLOAD_DEPARTMENTResources", "..\BS Program\SOURCE\BACK\GS\GS_SPR\RSP_GS_UPLOAD_DEPARTMENTResources\RSP_GS_UPLOAD_DEPARTMENTResources.csproj", "{8A7B6382-0231-4A00-B160-6566B579CE7D}"
EndProject
Project("{9A19103F-16F7-4668-BE54-9A1E7A4F7556}") = "RSP_GS_VALIDATE_USER_ACT_APPRResources", "..\BS Program\SOURCE\BACK\GS\GS_SPR\RSP_GS_VALIDATE_USER_ACT_APPRResources\RSP_GS_VALIDATE_USER_ACT_APPRResources.csproj", "{7D23ACE5-08D7-4288-B87E-950D1A6DCF3E}"
EndProject
Project("{9A19103F-16F7-4668-BE54-9A1E7A4F7556}") = "BlazorMenu", "..\SYSTEM\SOURCE\Menu\BlazorMenu\BlazorMenu.csproj", "{CE4C0590-4304-4998-8B84-BFFFDB536F06}"
EndProject
Project("{9A19103F-16F7-4668-BE54-9A1E7A4F7556}") = "GSM04000Model", "..\BS Program\SOURCE\FRONT\GSM04000MODEL\GSM04000Model.csproj", "{0ABB222F-B4D5-4941-A9B1-A4A519B77A26}"
EndProject
Global
	GlobalSection(SolutionConfigurationPlatforms) = preSolution
		Debug|Any CPU = Debug|Any CPU
		Release|Any CPU = Release|Any CPU
	EndGlobalSection
	GlobalSection(ProjectConfigurationPlatforms) = postSolution
		{665DA74A-EA89-490E-A031-779EFC1B18A5}.Debug|Any CPU.ActiveCfg = Debug|Any CPU
		{665DA74A-EA89-490E-A031-779EFC1B18A5}.Debug|Any CPU.Build.0 = Debug|Any CPU
		{665DA74A-EA89-490E-A031-779EFC1B18A5}.Release|Any CPU.ActiveCfg = Release|Any CPU
		{665DA74A-EA89-490E-A031-779EFC1B18A5}.Release|Any CPU.Build.0 = Release|Any CPU
		{6894DBC0-EAEB-404C-B1D9-47C742B5003F}.Debug|Any CPU.ActiveCfg = Debug|Any CPU
		{6894DBC0-EAEB-404C-B1D9-47C742B5003F}.Debug|Any CPU.Build.0 = Debug|Any CPU
		{6894DBC0-EAEB-404C-B1D9-47C742B5003F}.Release|Any CPU.ActiveCfg = Release|Any CPU
		{6894DBC0-EAEB-404C-B1D9-47C742B5003F}.Release|Any CPU.Build.0 = Release|Any CPU
		{6A380587-0764-4104-AB24-EA00C1AA61E7}.Debug|Any CPU.ActiveCfg = Debug|Any CPU
		{6A380587-0764-4104-AB24-EA00C1AA61E7}.Debug|Any CPU.Build.0 = Debug|Any CPU
		{6A380587-0764-4104-AB24-EA00C1AA61E7}.Release|Any CPU.ActiveCfg = Release|Any CPU
		{6A380587-0764-4104-AB24-EA00C1AA61E7}.Release|Any CPU.Build.0 = Release|Any CPU
		{DDB4AAD9-FC3B-4403-BB6F-7E90B929A1B6}.Debug|Any CPU.ActiveCfg = Debug|Any CPU
		{DDB4AAD9-FC3B-4403-BB6F-7E90B929A1B6}.Debug|Any CPU.Build.0 = Debug|Any CPU
		{DDB4AAD9-FC3B-4403-BB6F-7E90B929A1B6}.Release|Any CPU.ActiveCfg = Release|Any CPU
		{DDB4AAD9-FC3B-4403-BB6F-7E90B929A1B6}.Release|Any CPU.Build.0 = Release|Any CPU
		{943D2CF4-D4FC-4638-901D-158811B4C532}.Debug|Any CPU.ActiveCfg = Debug|Any CPU
		{943D2CF4-D4FC-4638-901D-158811B4C532}.Debug|Any CPU.Build.0 = Debug|Any CPU
		{943D2CF4-D4FC-4638-901D-158811B4C532}.Release|Any CPU.ActiveCfg = Release|Any CPU
		{943D2CF4-D4FC-4638-901D-158811B4C532}.Release|Any CPU.Build.0 = Release|Any CPU
		{AC2288D9-8324-4DA3-8916-A6B94A14F1CD}.Debug|Any CPU.ActiveCfg = Debug|Any CPU
		{AC2288D9-8324-4DA3-8916-A6B94A14F1CD}.Debug|Any CPU.Build.0 = Debug|Any CPU
		{AC2288D9-8324-4DA3-8916-A6B94A14F1CD}.Release|Any CPU.ActiveCfg = Release|Any CPU
		{AC2288D9-8324-4DA3-8916-A6B94A14F1CD}.Release|Any CPU.Build.0 = Release|Any CPU
		{A9B73AA2-8482-4503-A11C-0A12E548BF8F}.Debug|Any CPU.ActiveCfg = Debug|Any CPU
		{A9B73AA2-8482-4503-A11C-0A12E548BF8F}.Debug|Any CPU.Build.0 = Debug|Any CPU
		{A9B73AA2-8482-4503-A11C-0A12E548BF8F}.Release|Any CPU.ActiveCfg = Release|Any CPU
		{A9B73AA2-8482-4503-A11C-0A12E548BF8F}.Release|Any CPU.Build.0 = Release|Any CPU
		{BDFF2E2C-A256-4EAE-8787-B8AAF42AD01D}.Debug|Any CPU.ActiveCfg = Debug|Any CPU
		{BDFF2E2C-A256-4EAE-8787-B8AAF42AD01D}.Debug|Any CPU.Build.0 = Debug|Any CPU
		{BDFF2E2C-A256-4EAE-8787-B8AAF42AD01D}.Release|Any CPU.ActiveCfg = Release|Any CPU
		{BDFF2E2C-A256-4EAE-8787-B8AAF42AD01D}.Release|Any CPU.Build.0 = Release|Any CPU
		{41E5523A-D8DB-42DB-96DD-25B78B91011F}.Debug|Any CPU.ActiveCfg = Debug|Any CPU
		{41E5523A-D8DB-42DB-96DD-25B78B91011F}.Debug|Any CPU.Build.0 = Debug|Any CPU
		{41E5523A-D8DB-42DB-96DD-25B78B91011F}.Release|Any CPU.ActiveCfg = Release|Any CPU
		{41E5523A-D8DB-42DB-96DD-25B78B91011F}.Release|Any CPU.Build.0 = Release|Any CPU
		{DEC4D255-F3AD-4C1D-A5E8-9B62091287A7}.Debug|Any CPU.ActiveCfg = Debug|Any CPU
		{DEC4D255-F3AD-4C1D-A5E8-9B62091287A7}.Debug|Any CPU.Build.0 = Debug|Any CPU
		{DEC4D255-F3AD-4C1D-A5E8-9B62091287A7}.Release|Any CPU.ActiveCfg = Release|Any CPU
		{DEC4D255-F3AD-4C1D-A5E8-9B62091287A7}.Release|Any CPU.Build.0 = Release|Any CPU
		{D3AAB080-E7C7-40EC-AD38-88EDFCA3D003}.Debug|Any CPU.ActiveCfg = Debug|Any CPU
		{D3AAB080-E7C7-40EC-AD38-88EDFCA3D003}.Debug|Any CPU.Build.0 = Debug|Any CPU
		{D3AAB080-E7C7-40EC-AD38-88EDFCA3D003}.Release|Any CPU.ActiveCfg = Release|Any CPU
		{D3AAB080-E7C7-40EC-AD38-88EDFCA3D003}.Release|Any CPU.Build.0 = Release|Any CPU
		{7A418841-442E-46B0-8A57-EF2A83210719}.Debug|Any CPU.ActiveCfg = Debug|Any CPU
		{7A418841-442E-46B0-8A57-EF2A83210719}.Debug|Any CPU.Build.0 = Debug|Any CPU
		{7A418841-442E-46B0-8A57-EF2A83210719}.Release|Any CPU.ActiveCfg = Release|Any CPU
		{7A418841-442E-46B0-8A57-EF2A83210719}.Release|Any CPU.Build.0 = Release|Any CPU
		{75EA4061-A161-4ACC-B26C-8C8EA3AF687A}.Debug|Any CPU.ActiveCfg = Debug|Any CPU
		{75EA4061-A161-4ACC-B26C-8C8EA3AF687A}.Debug|Any CPU.Build.0 = Debug|Any CPU
		{75EA4061-A161-4ACC-B26C-8C8EA3AF687A}.Release|Any CPU.ActiveCfg = Release|Any CPU
		{75EA4061-A161-4ACC-B26C-8C8EA3AF687A}.Release|Any CPU.Build.0 = Release|Any CPU
		{C3343A3D-3ED1-4BAA-90E7-A5B8A213623D}.Debug|Any CPU.ActiveCfg = Debug|Any CPU
		{C3343A3D-3ED1-4BAA-90E7-A5B8A213623D}.Debug|Any CPU.Build.0 = Debug|Any CPU
		{C3343A3D-3ED1-4BAA-90E7-A5B8A213623D}.Release|Any CPU.ActiveCfg = Release|Any CPU
		{C3343A3D-3ED1-4BAA-90E7-A5B8A213623D}.Release|Any CPU.Build.0 = Release|Any CPU
		{CC69220A-C79F-4076-9663-DA537764A2CA}.Debug|Any CPU.ActiveCfg = Debug|Any CPU
		{CC69220A-C79F-4076-9663-DA537764A2CA}.Debug|Any CPU.Build.0 = Debug|Any CPU
		{CC69220A-C79F-4076-9663-DA537764A2CA}.Release|Any CPU.ActiveCfg = Release|Any CPU
		{CC69220A-C79F-4076-9663-DA537764A2CA}.Release|Any CPU.Build.0 = Release|Any CPU
		{BDA69150-B128-468B-8B7C-DB6B32D134DD}.Debug|Any CPU.ActiveCfg = Debug|Any CPU
		{BDA69150-B128-468B-8B7C-DB6B32D134DD}.Debug|Any CPU.Build.0 = Debug|Any CPU
		{BDA69150-B128-468B-8B7C-DB6B32D134DD}.Release|Any CPU.ActiveCfg = Release|Any CPU
		{BDA69150-B128-468B-8B7C-DB6B32D134DD}.Release|Any CPU.Build.0 = Release|Any CPU
		{C3BA17A7-7A34-4032-BD71-5CA9892870C2}.Debug|Any CPU.ActiveCfg = Debug|Any CPU
		{C3BA17A7-7A34-4032-BD71-5CA9892870C2}.Debug|Any CPU.Build.0 = Debug|Any CPU
		{C3BA17A7-7A34-4032-BD71-5CA9892870C2}.Release|Any CPU.ActiveCfg = Release|Any CPU
		{C3BA17A7-7A34-4032-BD71-5CA9892870C2}.Release|Any CPU.Build.0 = Release|Any CPU
		{506E2203-9710-4A20-84CF-8E2E4EF7F86D}.Debug|Any CPU.ActiveCfg = Debug|Any CPU
		{506E2203-9710-4A20-84CF-8E2E4EF7F86D}.Debug|Any CPU.Build.0 = Debug|Any CPU
		{506E2203-9710-4A20-84CF-8E2E4EF7F86D}.Release|Any CPU.ActiveCfg = Release|Any CPU
		{506E2203-9710-4A20-84CF-8E2E4EF7F86D}.Release|Any CPU.Build.0 = Release|Any CPU
		{255F153D-6D37-463A-A150-C3C2B4E1E8F4}.Debug|Any CPU.ActiveCfg = Debug|Any CPU
		{255F153D-6D37-463A-A150-C3C2B4E1E8F4}.Debug|Any CPU.Build.0 = Debug|Any CPU
		{255F153D-6D37-463A-A150-C3C2B4E1E8F4}.Release|Any CPU.ActiveCfg = Release|Any CPU
		{255F153D-6D37-463A-A150-C3C2B4E1E8F4}.Release|Any CPU.Build.0 = Release|Any CPU
		{AE63A95E-FD69-4EFF-A4A8-C312F50C081E}.Debug|Any CPU.ActiveCfg = Debug|Any CPU
		{AE63A95E-FD69-4EFF-A4A8-C312F50C081E}.Debug|Any CPU.Build.0 = Debug|Any CPU
		{AE63A95E-FD69-4EFF-A4A8-C312F50C081E}.Release|Any CPU.ActiveCfg = Release|Any CPU
		{AE63A95E-FD69-4EFF-A4A8-C312F50C081E}.Release|Any CPU.Build.0 = Release|Any CPU
		{A1BE8E97-5402-4D3C-AA8F-F362720FCE1A}.Debug|Any CPU.ActiveCfg = Debug|Any CPU
		{A1BE8E97-5402-4D3C-AA8F-F362720FCE1A}.Debug|Any CPU.Build.0 = Debug|Any CPU
		{A1BE8E97-5402-4D3C-AA8F-F362720FCE1A}.Release|Any CPU.ActiveCfg = Release|Any CPU
		{A1BE8E97-5402-4D3C-AA8F-F362720FCE1A}.Release|Any CPU.Build.0 = Release|Any CPU
		{6621D426-2C2D-46F7-851F-F61B37AE112E}.Debug|Any CPU.ActiveCfg = Debug|Any CPU
		{6621D426-2C2D-46F7-851F-F61B37AE112E}.Debug|Any CPU.Build.0 = Debug|Any CPU
		{6621D426-2C2D-46F7-851F-F61B37AE112E}.Release|Any CPU.ActiveCfg = Release|Any CPU
		{6621D426-2C2D-46F7-851F-F61B37AE112E}.Release|Any CPU.Build.0 = Release|Any CPU
		{0A832950-801C-4A9C-B81C-9571DF10DEDB}.Debug|Any CPU.ActiveCfg = Debug|Any CPU
		{0A832950-801C-4A9C-B81C-9571DF10DEDB}.Debug|Any CPU.Build.0 = Debug|Any CPU
		{0A832950-801C-4A9C-B81C-9571DF10DEDB}.Release|Any CPU.ActiveCfg = Release|Any CPU
		{0A832950-801C-4A9C-B81C-9571DF10DEDB}.Release|Any CPU.Build.0 = Release|Any CPU
		{8A7B6382-0231-4A00-B160-6566B579CE7D}.Debug|Any CPU.ActiveCfg = Debug|Any CPU
		{8A7B6382-0231-4A00-B160-6566B579CE7D}.Debug|Any CPU.Build.0 = Debug|Any CPU
		{8A7B6382-0231-4A00-B160-6566B579CE7D}.Release|Any CPU.ActiveCfg = Release|Any CPU
		{8A7B6382-0231-4A00-B160-6566B579CE7D}.Release|Any CPU.Build.0 = Release|Any CPU
		{7D23ACE5-08D7-4288-B87E-950D1A6DCF3E}.Debug|Any CPU.ActiveCfg = Debug|Any CPU
		{7D23ACE5-08D7-4288-B87E-950D1A6DCF3E}.Debug|Any CPU.Build.0 = Debug|Any CPU
		{7D23ACE5-08D7-4288-B87E-950D1A6DCF3E}.Release|Any CPU.ActiveCfg = Release|Any CPU
		{7D23ACE5-08D7-4288-B87E-950D1A6DCF3E}.Release|Any CPU.Build.0 = Release|Any CPU
		{CE4C0590-4304-4998-8B84-BFFFDB536F06}.Debug|Any CPU.ActiveCfg = Debug|Any CPU
		{CE4C0590-4304-4998-8B84-BFFFDB536F06}.Debug|Any CPU.Build.0 = Debug|Any CPU
		{CE4C0590-4304-4998-8B84-BFFFDB536F06}.Release|Any CPU.ActiveCfg = Release|Any CPU
		{CE4C0590-4304-4998-8B84-BFFFDB536F06}.Release|Any CPU.Build.0 = Release|Any CPU
		{0ABB222F-B4D5-4941-A9B1-A4A519B77A26}.Debug|Any CPU.ActiveCfg = Debug|Any CPU
		{0ABB222F-B4D5-4941-A9B1-A4A519B77A26}.Debug|Any CPU.Build.0 = Debug|Any CPU
		{0ABB222F-B4D5-4941-A9B1-A4A519B77A26}.Release|Any CPU.ActiveCfg = Release|Any CPU
		{0ABB222F-B4D5-4941-A9B1-A4A519B77A26}.Release|Any CPU.Build.0 = Release|Any CPU
	EndGlobalSection
	GlobalSection(SolutionProperties) = preSolution
		HideSolutionNode = FALSE
	EndGlobalSection
	GlobalSection(NestedProjects) = preSolution
		{DC2A0C27-D591-4B7D-BFC0-F7B39164175E} = {9BD97A2C-C82E-4BBB-8BF5-E82C5821EDD7}
		{6EC94398-EE8D-4E7D-9DEF-6063BB44D7EA} = {9BD97A2C-C82E-4BBB-8BF5-E82C5821EDD7}
		{6F50A0EC-A19E-46D0-869A-1E7CF308803B} = {9BD97A2C-C82E-4BBB-8BF5-E82C5821EDD7}
		{665DA74A-EA89-490E-A031-779EFC1B18A5} = {389242E5-A435-4EC4-A0F6-A06960EFC8FE}
		{6894DBC0-EAEB-404C-B1D9-47C742B5003F} = {389242E5-A435-4EC4-A0F6-A06960EFC8FE}
		{6A380587-0764-4104-AB24-EA00C1AA61E7} = {389242E5-A435-4EC4-A0F6-A06960EFC8FE}
		{DDB4AAD9-FC3B-4403-BB6F-7E90B929A1B6} = {3AAACED3-6089-48BE-A6C1-BD469564C1C1}
		{E06F647A-6054-45FE-A6FE-B2AA2C952FA5} = {F0D48D8E-3A3A-4BFE-BC34-494BFA7FA2F4}
		{B442DB64-FFCF-4F7B-9CB9-914118448F64} = {F0D48D8E-3A3A-4BFE-BC34-494BFA7FA2F4}
		{1F20B37F-580E-48AC-8C77-EB426EB8B030} = {F0D48D8E-3A3A-4BFE-BC34-494BFA7FA2F4}
		{943D2CF4-D4FC-4638-901D-158811B4C532} = {1F20B37F-580E-48AC-8C77-EB426EB8B030}
		{AC2288D9-8324-4DA3-8916-A6B94A14F1CD} = {1F20B37F-580E-48AC-8C77-EB426EB8B030}
		{A9B73AA2-8482-4503-A11C-0A12E548BF8F} = {B442DB64-FFCF-4F7B-9CB9-914118448F64}
		{BDFF2E2C-A256-4EAE-8787-B8AAF42AD01D} = {B442DB64-FFCF-4F7B-9CB9-914118448F64}
		{41E5523A-D8DB-42DB-96DD-25B78B91011F} = {E06F647A-6054-45FE-A6FE-B2AA2C952FA5}
		{DEC4D255-F3AD-4C1D-A5E8-9B62091287A7} = {E06F647A-6054-45FE-A6FE-B2AA2C952FA5}
		{D3AAB080-E7C7-40EC-AD38-88EDFCA3D003} = {6F50A0EC-A19E-46D0-869A-1E7CF308803B}
		{7A418841-442E-46B0-8A57-EF2A83210719} = {6F50A0EC-A19E-46D0-869A-1E7CF308803B}
		{75EA4061-A161-4ACC-B26C-8C8EA3AF687A} = {6F50A0EC-A19E-46D0-869A-1E7CF308803B}
		{C3343A3D-3ED1-4BAA-90E7-A5B8A213623D} = {DC2A0C27-D591-4B7D-BFC0-F7B39164175E}
		{CC69220A-C79F-4076-9663-DA537764A2CA} = {DC2A0C27-D591-4B7D-BFC0-F7B39164175E}
		{BDA69150-B128-468B-8B7C-DB6B32D134DD} = {DC2A0C27-D591-4B7D-BFC0-F7B39164175E}
		{C3BA17A7-7A34-4032-BD71-5CA9892870C2} = {6EC94398-EE8D-4E7D-9DEF-6063BB44D7EA}
		{506E2203-9710-4A20-84CF-8E2E4EF7F86D} = {6EC94398-EE8D-4E7D-9DEF-6063BB44D7EA}
		{255F153D-6D37-463A-A150-C3C2B4E1E8F4} = {98841562-AF5E-41BB-B3D7-7A18DFC8C593}
		{AE63A95E-FD69-4EFF-A4A8-C312F50C081E} = {98841562-AF5E-41BB-B3D7-7A18DFC8C593}
		{A1BE8E97-5402-4D3C-AA8F-F362720FCE1A} = {98841562-AF5E-41BB-B3D7-7A18DFC8C593}
		{6621D426-2C2D-46F7-851F-F61B37AE112E} = {B8DB1CBE-E8A2-4E92-AA21-7318C29C477B}
		{0A832950-801C-4A9C-B81C-9571DF10DEDB} = {B8DB1CBE-E8A2-4E92-AA21-7318C29C477B}
		{8A7B6382-0231-4A00-B160-6566B579CE7D} = {B8DB1CBE-E8A2-4E92-AA21-7318C29C477B}
		{7D23ACE5-08D7-4288-B87E-950D1A6DCF3E} = {B8DB1CBE-E8A2-4E92-AA21-7318C29C477B}
		{0ABB222F-B4D5-4941-A9B1-A4A519B77A26} = {6EC94398-EE8D-4E7D-9DEF-6063BB44D7EA}
	EndGlobalSection
	GlobalSection(ExtensibilityGlobals) = postSolution
		SolutionGuid = {E7B78B5E-8DE2-4C73-8F18-FA540EDE69D7}
	EndGlobalSection
EndGlobal
